%{"bucs": {:hex, :bucs, "0.1.9", "810fdfeb83adf127e6303fbb1e8139bd575699dee8204f46f162908b5f343cf5", [:rebar3, :mix, :make], []},
  "doteki": {:hex, :doteki, "0.1.13", "c78ba7b2373371d5319896f462d437456e7c9de75ed79aa433bac8532235057f", [:rebar3, :mix, :make], [{:bucs, "~> 0.1.9", [hex: :bucs, optional: false]}]},
  "jsx": {:hex, :jsx, "2.8.0", "749bec6d205c694ae1786d62cea6cc45a390437e24835fd16d12d74f07097727", [:mix, :rebar], []}}
