%{"bucs": {:hex, :bucs, "1.0.0", "851b1530f29c9a793f336d47d95967cd77388ed414d71e3c0babd9253ba6ae3b", [:rebar3, :mix, :make], []},
  "doteki": {:hex, :doteki, "1.0.0", "52cfb4e8d92e85464c4434131215fa27d8b13c992ae3fba572c2478ed55d68a2", [:rebar3, :mix, :make], [{:bucs, "~> 1.0.0", [hex: :bucs, optional: false]}]},
  "jsx": {:hex, :jsx, "2.8.0", "749bec6d205c694ae1786d62cea6cc45a390437e24835fd16d12d74f07097727", [:mix, :rebar], []}}
